
Microsoft Visual Studio Solution File, Format Version 12.00
# Visual Studio Version 16
VisualStudioVersion = 16.0.29519.181
MinimumVisualStudioVersion = 10.0.40219.1
Project("{9A19103F-16F7-4668-BE54-9A1E7A4F7556}") = "QueueWorkflow", "QueueWorkflow\QueueWorkflow.csproj", "{98938FB3-1E1D-4C07-8699-40FD39C13964}"
EndProject
Project("{9A19103F-16F7-4668-BE54-9A1E7A4F7556}") = "Workflow", "Workflow\Workflow.csproj", "{B13A7F91-4E0F-43A9-BEB5-A33CD8FE70C5}"
EndProject
Project("{9A19103F-16F7-4668-BE54-9A1E7A4F7556}") = "QueueSocket", "QueueSocket\QueueSocket.csproj", "{AA5FC9F5-424E-45FB-BD4D-F6E2F17D2BA9}"
EndProject
Project("{9A19103F-16F7-4668-BE54-9A1E7A4F7556}") = "Core", "Core\Core.csproj", "{EF54997A-2260-4A8A-9725-ED1196568EEA}"
EndProject
Project("{9A19103F-16F7-4668-BE54-9A1E7A4F7556}") = "TCPServer", "TCPServer\TCPServer.csproj", "{8FF564FB-7C32-419F-A2F3-B3BCF3FE298B}"
EndProject
Project("{2150E333-8FDC-42A3-9474-1A3956D46DE8}") = "1-Presentation", "1-Presentation", "{A47211EC-DF1E-4A58-9EDA-776C6ECCE431}"
EndProject
Project("{2150E333-8FDC-42A3-9474-1A3956D46DE8}") = "2-Application", "2-Application", "{A74E3965-D151-46A0-997A-EF12132A0533}"
EndProject
Project("{2150E333-8FDC-42A3-9474-1A3956D46DE8}") = "3-Domain", "3-Domain", "{46DBB973-2630-4544-853A-DB1CD6EB5818}"
EndProject
Project("{2150E333-8FDC-42A3-9474-1A3956D46DE8}") = "4-Infrastructure", "4-Infrastructure", "{89A17DD2-FDCD-4159-9D8C-3DEDC23D1443}"
EndProject
Project("{2150E333-8FDC-42A3-9474-1A3956D46DE8}") = "5-Common", "5-Common", "{D633DACC-35DC-47B7-AAE8-AF7B68F54AFD}"
EndProject
Project("{FAE04EC0-301F-11D3-BF4B-00C04F79EFBC}") = "Workflow.Services", "Workflow.Services\Workflow.Services.csproj", "{9C890862-F79E-48F1-A316-5914E449DA2D}"
EndProject
Global
	GlobalSection(SolutionConfigurationPlatforms) = preSolution
		Debug|Any CPU = Debug|Any CPU
		Release|Any CPU = Release|Any CPU
	EndGlobalSection
	GlobalSection(ProjectConfigurationPlatforms) = postSolution
		{98938FB3-1E1D-4C07-8699-40FD39C13964}.Debug|Any CPU.ActiveCfg = Debug|Any CPU
		{98938FB3-1E1D-4C07-8699-40FD39C13964}.Debug|Any CPU.Build.0 = Debug|Any CPU
		{98938FB3-1E1D-4C07-8699-40FD39C13964}.Release|Any CPU.ActiveCfg = Release|Any CPU
		{98938FB3-1E1D-4C07-8699-40FD39C13964}.Release|Any CPU.Build.0 = Release|Any CPU
		{B13A7F91-4E0F-43A9-BEB5-A33CD8FE70C5}.Debug|Any CPU.ActiveCfg = Debug|Any CPU
		{B13A7F91-4E0F-43A9-BEB5-A33CD8FE70C5}.Debug|Any CPU.Build.0 = Debug|Any CPU
		{B13A7F91-4E0F-43A9-BEB5-A33CD8FE70C5}.Release|Any CPU.ActiveCfg = Release|Any CPU
		{B13A7F91-4E0F-43A9-BEB5-A33CD8FE70C5}.Release|Any CPU.Build.0 = Release|Any CPU
		{AA5FC9F5-424E-45FB-BD4D-F6E2F17D2BA9}.Debug|Any CPU.ActiveCfg = Debug|Any CPU
		{AA5FC9F5-424E-45FB-BD4D-F6E2F17D2BA9}.Debug|Any CPU.Build.0 = Debug|Any CPU
		{AA5FC9F5-424E-45FB-BD4D-F6E2F17D2BA9}.Release|Any CPU.ActiveCfg = Release|Any CPU
		{AA5FC9F5-424E-45FB-BD4D-F6E2F17D2BA9}.Release|Any CPU.Build.0 = Release|Any CPU
		{EF54997A-2260-4A8A-9725-ED1196568EEA}.Debug|Any CPU.ActiveCfg = Debug|Any CPU
		{EF54997A-2260-4A8A-9725-ED1196568EEA}.Debug|Any CPU.Build.0 = Debug|Any CPU
		{EF54997A-2260-4A8A-9725-ED1196568EEA}.Release|Any CPU.ActiveCfg = Release|Any CPU
		{EF54997A-2260-4A8A-9725-ED1196568EEA}.Release|Any CPU.Build.0 = Release|Any CPU
		{8FF564FB-7C32-419F-A2F3-B3BCF3FE298B}.Debug|Any CPU.ActiveCfg = Debug|Any CPU
		{8FF564FB-7C32-419F-A2F3-B3BCF3FE298B}.Debug|Any CPU.Build.0 = Debug|Any CPU
		{8FF564FB-7C32-419F-A2F3-B3BCF3FE298B}.Release|Any CPU.ActiveCfg = Release|Any CPU
		{8FF564FB-7C32-419F-A2F3-B3BCF3FE298B}.Release|Any CPU.Build.0 = Release|Any CPU
		{9C890862-F79E-48F1-A316-5914E449DA2D}.Debug|Any CPU.ActiveCfg = Debug|Any CPU
		{9C890862-F79E-48F1-A316-5914E449DA2D}.Debug|Any CPU.Build.0 = Debug|Any CPU
		{9C890862-F79E-48F1-A316-5914E449DA2D}.Release|Any CPU.ActiveCfg = Release|Any CPU
		{9C890862-F79E-48F1-A316-5914E449DA2D}.Release|Any CPU.Build.0 = Release|Any CPU
	EndGlobalSection
	GlobalSection(SolutionProperties) = preSolution
		HideSolutionNode = FALSE
	EndGlobalSection
	GlobalSection(NestedProjects) = preSolution
		{98938FB3-1E1D-4C07-8699-40FD39C13964} = {A47211EC-DF1E-4A58-9EDA-776C6ECCE431}
		{B13A7F91-4E0F-43A9-BEB5-A33CD8FE70C5} = {46DBB973-2630-4544-853A-DB1CD6EB5818}
		{AA5FC9F5-424E-45FB-BD4D-F6E2F17D2BA9} = {A74E3965-D151-46A0-997A-EF12132A0533}
		{EF54997A-2260-4A8A-9725-ED1196568EEA} = {D633DACC-35DC-47B7-AAE8-AF7B68F54AFD}
		{8FF564FB-7C32-419F-A2F3-B3BCF3FE298B} = {D633DACC-35DC-47B7-AAE8-AF7B68F54AFD}
		{9C890862-F79E-48F1-A316-5914E449DA2D} = {46DBB973-2630-4544-853A-DB1CD6EB5818}
	EndGlobalSection
	GlobalSection(ExtensibilityGlobals) = postSolution
		SolutionGuid = {2B5C2229-730E-4A6E-839C-F35760069D82}
	EndGlobalSection
EndGlobal
